
Microsoft Visual Studio Solution File, Format Version 12.00
# Visual Studio 15
Project("{FAE04EC0-301F-11D3-BF4B-00C04F79EFBC}") = "SearchAlgothrims", "SearchAlgothrims\SearchAlgothrims.csproj", "{745A5580-1AB6-4593-9B7A-8496D6ED33D8}"
EndProject
Global
	GlobalSection(SolutionConfigurationPlatforms) = preSolution
		Debug|anycpu = Debug|anycpu
		Release|anycpu = Release|anycpu
	EndGlobalSection
	GlobalSection(ProjectConfigurationPlatforms) = postSolution
		{745A5580-1AB6-4593-9B7A-8496D6ED33D8}.Debug|anycpu.ActiveCfg = Debug|anycpu
		{745A5580-1AB6-4593-9B7A-8496D6ED33D8}.Debug|anycpu.Build.0 = Debug|anycpu
		{745A5580-1AB6-4593-9B7A-8496D6ED33D8}.Release|anycpu.ActiveCfg = Release|anycpu
		{745A5580-1AB6-4593-9B7A-8496D6ED33D8}.Release|anycpu.Build.0 = Release|anycpu
	EndGlobalSection
EndGlobal
